
Microsoft Visual Studio Solution File, Format Version 12.00
# Visual Studio 15
Project("{FAE04EC0-301F-11D3-BF4B-00C04F79EFBC}") = "ArrayCalculator.Android", "ArrayCalculator.Android\ArrayCalculator.Android.csproj", "{A2CC9D09-6A8E-438B-BF9C-6DD9C78D697F}"
EndProject
Project("{FAE04EC0-301F-11D3-BF4B-00C04F79EFBC}") = "ArrayCalculator.iOS", "ArrayCalculator.iOS\ArrayCalculator.iOS.csproj", "{B9019178-37CF-465D-AEF4-068A37D279B5}"
EndProject
Project("{FAE04EC0-301F-11D3-BF4B-00C04F79EFBC}") = "ArrayCalculator.UITests", "ArrayCalculator.UITests\ArrayCalculator.UITests.csproj", "{B19C892E-2628-4CA7-AD27-08D406A3B14B}"
EndProject
Project("{FAE04EC0-301F-11D3-BF4B-00C04F79EFBC}") = "ArrayCalculator", "ArrayCalculator\ArrayCalculator.csproj", "{B8A67D6D-94FF-43FB-ACC5-9D26D9515915}"
EndProject
Global
	GlobalSection(SolutionConfigurationPlatforms) = preSolution
		Debug|Any CPU = Debug|Any CPU
		Release|Any CPU = Release|Any CPU
		Debug|iPhoneSimulator = Debug|iPhoneSimulator
		Release|iPhoneSimulator = Release|iPhoneSimulator
		Debug|iPhone = Debug|iPhone
		Release|iPhone = Release|iPhone
		Ad-Hoc|iPhone = Ad-Hoc|iPhone
		AppStore|iPhone = AppStore|iPhone
	EndGlobalSection
	GlobalSection(ProjectConfigurationPlatforms) = postSolution
		{A2CC9D09-6A8E-438B-BF9C-6DD9C78D697F}.Debug|Any CPU.ActiveCfg = Debug|Any CPU
		{A2CC9D09-6A8E-438B-BF9C-6DD9C78D697F}.Debug|Any CPU.Build.0 = Debug|Any CPU
		{A2CC9D09-6A8E-438B-BF9C-6DD9C78D697F}.Release|Any CPU.ActiveCfg = Release|Any CPU
		{A2CC9D09-6A8E-438B-BF9C-6DD9C78D697F}.Release|Any CPU.Build.0 = Release|Any CPU
		{A2CC9D09-6A8E-438B-BF9C-6DD9C78D697F}.Debug|iPhoneSimulator.ActiveCfg = Debug|Any CPU
		{A2CC9D09-6A8E-438B-BF9C-6DD9C78D697F}.Debug|iPhoneSimulator.Build.0 = Debug|Any CPU
		{A2CC9D09-6A8E-438B-BF9C-6DD9C78D697F}.Release|iPhoneSimulator.ActiveCfg = Release|Any CPU
		{A2CC9D09-6A8E-438B-BF9C-6DD9C78D697F}.Release|iPhoneSimulator.Build.0 = Release|Any CPU
		{A2CC9D09-6A8E-438B-BF9C-6DD9C78D697F}.Debug|iPhone.ActiveCfg = Debug|Any CPU
		{A2CC9D09-6A8E-438B-BF9C-6DD9C78D697F}.Debug|iPhone.Build.0 = Debug|Any CPU
		{A2CC9D09-6A8E-438B-BF9C-6DD9C78D697F}.Release|iPhone.ActiveCfg = Release|Any CPU
		{A2CC9D09-6A8E-438B-BF9C-6DD9C78D697F}.Release|iPhone.Build.0 = Release|Any CPU
		{A2CC9D09-6A8E-438B-BF9C-6DD9C78D697F}.Ad-Hoc|iPhone.ActiveCfg = Debug|Any CPU
		{A2CC9D09-6A8E-438B-BF9C-6DD9C78D697F}.Ad-Hoc|iPhone.Build.0 = Debug|Any CPU
		{A2CC9D09-6A8E-438B-BF9C-6DD9C78D697F}.AppStore|iPhone.ActiveCfg = Debug|Any CPU
		{A2CC9D09-6A8E-438B-BF9C-6DD9C78D697F}.AppStore|iPhone.Build.0 = Debug|Any CPU
		{B9019178-37CF-465D-AEF4-068A37D279B5}.Debug|Any CPU.ActiveCfg = Debug|iPhoneSimulator
		{B9019178-37CF-465D-AEF4-068A37D279B5}.Debug|Any CPU.Build.0 = Debug|iPhoneSimulator
		{B9019178-37CF-465D-AEF4-068A37D279B5}.Release|Any CPU.ActiveCfg = Release|iPhoneSimulator
		{B9019178-37CF-465D-AEF4-068A37D279B5}.Release|Any CPU.Build.0 = Release|iPhoneSimulator
		{B9019178-37CF-465D-AEF4-068A37D279B5}.Debug|iPhoneSimulator.ActiveCfg = Debug|iPhoneSimulator
		{B9019178-37CF-465D-AEF4-068A37D279B5}.Debug|iPhoneSimulator.Build.0 = Debug|iPhoneSimulator
		{B9019178-37CF-465D-AEF4-068A37D279B5}.Release|iPhoneSimulator.ActiveCfg = Release|iPhoneSimulator
		{B9019178-37CF-465D-AEF4-068A37D279B5}.Release|iPhoneSimulator.Build.0 = Release|iPhoneSimulator
		{B9019178-37CF-465D-AEF4-068A37D279B5}.Debug|iPhone.ActiveCfg = Debug|iPhone
		{B9019178-37CF-465D-AEF4-068A37D279B5}.Debug|iPhone.Build.0 = Debug|iPhone
		{B9019178-37CF-465D-AEF4-068A37D279B5}.Release|iPhone.ActiveCfg = Release|iPhone
		{B9019178-37CF-465D-AEF4-068A37D279B5}.Release|iPhone.Build.0 = Release|iPhone
		{B9019178-37CF-465D-AEF4-068A37D279B5}.Ad-Hoc|iPhone.ActiveCfg = Ad-Hoc|iPhone
		{B9019178-37CF-465D-AEF4-068A37D279B5}.Ad-Hoc|iPhone.Build.0 = Ad-Hoc|iPhone
		{B9019178-37CF-465D-AEF4-068A37D279B5}.AppStore|iPhone.ActiveCfg = AppStore|iPhone
		{B9019178-37CF-465D-AEF4-068A37D279B5}.AppStore|iPhone.Build.0 = AppStore|iPhone
		{B19C892E-2628-4CA7-AD27-08D406A3B14B}.Debug|Any CPU.ActiveCfg = Debug|Any CPU
		{B19C892E-2628-4CA7-AD27-08D406A3B14B}.Debug|Any CPU.Build.0 = Debug|Any CPU
		{B19C892E-2628-4CA7-AD27-08D406A3B14B}.Release|Any CPU.ActiveCfg = Release|Any CPU
		{B19C892E-2628-4CA7-AD27-08D406A3B14B}.Release|Any CPU.Build.0 = Release|Any CPU
		{B19C892E-2628-4CA7-AD27-08D406A3B14B}.Debug|iPhoneSimulator.ActiveCfg = Debug|Any CPU
		{B19C892E-2628-4CA7-AD27-08D406A3B14B}.Debug|iPhoneSimulator.Build.0 = Debug|Any CPU
		{B19C892E-2628-4CA7-AD27-08D406A3B14B}.Release|iPhoneSimulator.ActiveCfg = Release|Any CPU
		{B19C892E-2628-4CA7-AD27-08D406A3B14B}.Release|iPhoneSimulator.Build.0 = Release|Any CPU
		{B19C892E-2628-4CA7-AD27-08D406A3B14B}.Debug|iPhone.ActiveCfg = Debug|Any CPU
		{B19C892E-2628-4CA7-AD27-08D406A3B14B}.Debug|iPhone.Build.0 = Debug|Any CPU
		{B19C892E-2628-4CA7-AD27-08D406A3B14B}.Release|iPhone.ActiveCfg = Release|Any CPU
		{B19C892E-2628-4CA7-AD27-08D406A3B14B}.Release|iPhone.Build.0 = Release|Any CPU
		{B19C892E-2628-4CA7-AD27-08D406A3B14B}.Ad-Hoc|iPhone.ActiveCfg = Debug|Any CPU
		{B19C892E-2628-4CA7-AD27-08D406A3B14B}.Ad-Hoc|iPhone.Build.0 = Debug|Any CPU
		{B19C892E-2628-4CA7-AD27-08D406A3B14B}.AppStore|iPhone.ActiveCfg = Debug|Any CPU
		{B19C892E-2628-4CA7-AD27-08D406A3B14B}.AppStore|iPhone.Build.0 = Debug|Any CPU
		{B8A67D6D-94FF-43FB-ACC5-9D26D9515915}.Debug|Any CPU.ActiveCfg = Debug|Any CPU
		{B8A67D6D-94FF-43FB-ACC5-9D26D9515915}.Debug|Any CPU.Build.0 = Debug|Any CPU
		{B8A67D6D-94FF-43FB-ACC5-9D26D9515915}.Release|Any CPU.ActiveCfg = Release|Any CPU
		{B8A67D6D-94FF-43FB-ACC5-9D26D9515915}.Release|Any CPU.Build.0 = Release|Any CPU
		{B8A67D6D-94FF-43FB-ACC5-9D26D9515915}.Debug|iPhoneSimulator.ActiveCfg = Debug|Any CPU
		{B8A67D6D-94FF-43FB-ACC5-9D26D9515915}.Debug|iPhoneSimulator.Build.0 = Debug|Any CPU
		{B8A67D6D-94FF-43FB-ACC5-9D26D9515915}.Release|iPhoneSimulator.ActiveCfg = Release|Any CPU
		{B8A67D6D-94FF-43FB-ACC5-9D26D9515915}.Release|iPhoneSimulator.Build.0 = Release|Any CPU
		{B8A67D6D-94FF-43FB-ACC5-9D26D9515915}.Debug|iPhone.ActiveCfg = Debug|Any CPU
		{B8A67D6D-94FF-43FB-ACC5-9D26D9515915}.Debug|iPhone.Build.0 = Debug|Any CPU
		{B8A67D6D-94FF-43FB-ACC5-9D26D9515915}.Release|iPhone.ActiveCfg = Release|Any CPU
		{B8A67D6D-94FF-43FB-ACC5-9D26D9515915}.Release|iPhone.Build.0 = Release|Any CPU
		{B8A67D6D-94FF-43FB-ACC5-9D26D9515915}.Ad-Hoc|iPhone.ActiveCfg = Debug|Any CPU
		{B8A67D6D-94FF-43FB-ACC5-9D26D9515915}.Ad-Hoc|iPhone.Build.0 = Debug|Any CPU
		{B8A67D6D-94FF-43FB-ACC5-9D26D9515915}.AppStore|iPhone.ActiveCfg = Debug|Any CPU
		{B8A67D6D-94FF-43FB-ACC5-9D26D9515915}.AppStore|iPhone.Build.0 = Debug|Any CPU
	EndGlobalSection
EndGlobal
